# This file is automatically @generated by Poetry and should not be edited by hand.

[[package]]
name = "requests"
version = "2.31.0"
description = "Python HTTP for Humans."
files = []

[[package]]
name = "urllib3"
version = "2.2.1"
description = "HTTP library for Python."
files = []

[[package]]
name = "prometheus-client"
version = "0.20.0"
description = "Python client for the Prometheus monitoring system."
files = []

[metadata]
lock-version = "2.0"
python-versions = "^3.9"
content-hash = "a1b2c3d4e5f67890123456789abcdef"
